
Microsoft Visual Studio Solution File, Format Version 12.00
# Visual Studio Version 17
VisualStudioVersion = 17.0.31912.275
MinimumVisualStudioVersion = 10.0.40219.1
Project("{FAE04EC0-301F-11D3-BF4B-00C04F79EFBC}") = "IntrumFormTestUV", "IntrumFormTestUV\IntrumFormTestUV.csproj", "{73E0374F-D930-4BED-B439-B0B836342090}"
EndProject
Global
	GlobalSection(SolutionConfigurationPlatforms) = preSolution
		Debug|Any CPU = Debug|Any CPU
		Release|Any CPU = Release|Any CPU
	EndGlobalSection
	GlobalSection(ProjectConfigurationPlatforms) = postSolution
		{73E0374F-D930-4BED-B439-B0B836342090}.Debug|Any CPU.ActiveCfg = Debug|Any CPU
		{73E0374F-D930-4BED-B439-B0B836342090}.Debug|Any CPU.Build.0 = Debug|Any CPU
		{73E0374F-D930-4BED-B439-B0B836342090}.Release|Any CPU.ActiveCfg = Release|Any CPU
		{73E0374F-D930-4BED-B439-B0B836342090}.Release|Any CPU.Build.0 = Release|Any CPU
	EndGlobalSection
	GlobalSection(SolutionProperties) = preSolution
		HideSolutionNode = FALSE
	EndGlobalSection
	GlobalSection(ExtensibilityGlobals) = postSolution
		SolutionGuid = {D8A2B1EC-5679-4D5D-8E41-0552BA337B00}
	EndGlobalSection
EndGlobal
